
Microsoft Visual Studio Solution File, Format Version 12.00
# Visual Studio Version 17
VisualStudioVersion = 17.13.35825.156
MinimumVisualStudioVersion = 10.0.40219.1
Project("{FAE04EC0-301F-11D3-BF4B-00C04F79EFBC}") = "Argus.Health.Service", "Argus.Health.Service\Argus.Health.Service.csproj", "{5E995B45-1929-4DE0-9CDA-208A7A5E9718}"
EndProject
Project("{FAE04EC0-301F-11D3-BF4B-00C04F79EFBC}") = "Argus.Health.Common", "Argus.Health.Common\Argus.Health.Common.csproj", "{E6C320D7-DA4E-4B5E-B468-40E4CA8163CF}"
EndProject
Project("{FAE04EC0-301F-11D3-BF4B-00C04F79EFBC}") = "Argus.Health.Service.Tests", "Argus.Health.Service.Tests\Argus.Health.Service.Tests.csproj", "{8357966F-B6AD-43D1-8913-F114C2998145}"
EndProject
Project("{2150E333-8FDC-42A3-9474-1A3956D46DE8}") = "Solution Items", "Solution Items", "{E88F0D3C-E3DA-475A-B0DA-AF0E9A489E0C}"
	ProjectSection(SolutionItems) = preProject
		.gitignore = .gitignore
		argus-health.png = argus-health.png
		argus-health-ico.png = argus-health-ico.png
		CLAUDE.md = CLAUDE.md
		CODE_OF_CONDUCT.md = CODE_OF_CONDUCT.md
		coverlet.runsettings = coverlet.runsettings
		LICENSE = LICENSE
		NOTICE = NOTICE
		Nuget.Config = Nuget.Config
		README.md = README.md
		build-installer.ps1 = build-installer.ps1
		bump-version.ps1 = bump-version.ps1
	EndProjectSection
EndProject
Project("{2150E333-8FDC-42A3-9474-1A3956D46DE8}") = "GitHub Actions", "GitHub Actions", "{979EF50F-C06F-468C-AA0E-F68493044EEF}"
	ProjectSection(SolutionItems) = preProject
		.github\workflows\codeql-analysis.yml = .github\workflows\codeql-analysis.yml
		.github\workflows\CodeQuality.yml = .github\workflows\CodeQuality.yml
		.github\workflows\nuget-reference-check.yml = .github\workflows\nuget-reference-check.yml
	EndProjectSection
EndProject
Project("{FAE04EC0-301F-11D3-BF4B-00C04F79EFBC}") = "Argus.Health.Pulse", "Argus.Health.Pulse\Argus.Health.Pulse.csproj", "{CC1F086F-4848-4026-B17C-AE61FCB401EC}"
EndProject
Project("{FAE04EC0-301F-11D3-BF4B-00C04F79EFBC}") = "Argus.Health.Pulse.Tests", "Argus.Health.Pulse.Tests\Argus.Health.Pulse.Tests.csproj", "{2EACDDA2-A97E-492F-8A1F-9F694AFE8B37}"
EndProject
Project("{B7DD6F7E-DEF8-4E67-B5B7-07EF123DB6F0}") = "Argus.Health.Installer", "Argus.Health.Installer\Argus.Health.Installer.wixproj", "{4C080956-E883-45A7-AF4C-350F338D5B0D}"
EndProject
Global
	GlobalSection(SolutionConfigurationPlatforms) = preSolution
		Debug|Any CPU = Debug|Any CPU
		Debug|x64 = Debug|x64
		Debug|x86 = Debug|x86
		Release|Any CPU = Release|Any CPU
		Release|x64 = Release|x64
		Release|x86 = Release|x86
	EndGlobalSection
	GlobalSection(ProjectConfigurationPlatforms) = postSolution
		{5E995B45-1929-4DE0-9CDA-208A7A5E9718}.Debug|Any CPU.ActiveCfg = Debug|Any CPU
		{5E995B45-1929-4DE0-9CDA-208A7A5E9718}.Debug|Any CPU.Build.0 = Debug|Any CPU
		{5E995B45-1929-4DE0-9CDA-208A7A5E9718}.Debug|x64.ActiveCfg = Debug|Any CPU
		{5E995B45-1929-4DE0-9CDA-208A7A5E9718}.Debug|x64.Build.0 = Debug|Any CPU
		{5E995B45-1929-4DE0-9CDA-208A7A5E9718}.Debug|x86.ActiveCfg = Debug|Any CPU
		{5E995B45-1929-4DE0-9CDA-208A7A5E9718}.Debug|x86.Build.0 = Debug|Any CPU
		{5E995B45-1929-4DE0-9CDA-208A7A5E9718}.Release|Any CPU.ActiveCfg = Release|Any CPU
		{5E995B45-1929-4DE0-9CDA-208A7A5E9718}.Release|Any CPU.Build.0 = Release|Any CPU
		{5E995B45-1929-4DE0-9CDA-208A7A5E9718}.Release|x64.ActiveCfg = Release|Any CPU
		{5E995B45-1929-4DE0-9CDA-208A7A5E9718}.Release|x64.Build.0 = Release|Any CPU
		{5E995B45-1929-4DE0-9CDA-208A7A5E9718}.Release|x86.ActiveCfg = Release|Any CPU
		{5E995B45-1929-4DE0-9CDA-208A7A5E9718}.Release|x86.Build.0 = Release|Any CPU
		{E6C320D7-DA4E-4B5E-B468-40E4CA8163CF}.Debug|Any CPU.ActiveCfg = Debug|Any CPU
		{E6C320D7-DA4E-4B5E-B468-40E4CA8163CF}.Debug|Any CPU.Build.0 = Debug|Any CPU
		{E6C320D7-DA4E-4B5E-B468-40E4CA8163CF}.Debug|x64.ActiveCfg = Debug|Any CPU
		{E6C320D7-DA4E-4B5E-B468-40E4CA8163CF}.Debug|x64.Build.0 = Debug|Any CPU
		{E6C320D7-DA4E-4B5E-B468-40E4CA8163CF}.Debug|x86.ActiveCfg = Debug|Any CPU
		{E6C320D7-DA4E-4B5E-B468-40E4CA8163CF}.Debug|x86.Build.0 = Debug|Any CPU
		{E6C320D7-DA4E-4B5E-B468-40E4CA8163CF}.Release|Any CPU.ActiveCfg = Release|Any CPU
		{E6C320D7-DA4E-4B5E-B468-40E4CA8163CF}.Release|Any CPU.Build.0 = Release|Any CPU
		{E6C320D7-DA4E-4B5E-B468-40E4CA8163CF}.Release|x64.ActiveCfg = Release|Any CPU
		{E6C320D7-DA4E-4B5E-B468-40E4CA8163CF}.Release|x64.Build.0 = Release|Any CPU
		{E6C320D7-DA4E-4B5E-B468-40E4CA8163CF}.Release|x86.ActiveCfg = Release|Any CPU
		{E6C320D7-DA4E-4B5E-B468-40E4CA8163CF}.Release|x86.Build.0 = Release|Any CPU
		{8357966F-B6AD-43D1-8913-F114C2998145}.Debug|Any CPU.ActiveCfg = Debug|Any CPU
		{8357966F-B6AD-43D1-8913-F114C2998145}.Debug|Any CPU.Build.0 = Debug|Any CPU
		{8357966F-B6AD-43D1-8913-F114C2998145}.Debug|x64.ActiveCfg = Debug|Any CPU
		{8357966F-B6AD-43D1-8913-F114C2998145}.Debug|x64.Build.0 = Debug|Any CPU
		{8357966F-B6AD-43D1-8913-F114C2998145}.Debug|x86.ActiveCfg = Debug|Any CPU
		{8357966F-B6AD-43D1-8913-F114C2998145}.Debug|x86.Build.0 = Debug|Any CPU
		{8357966F-B6AD-43D1-8913-F114C2998145}.Release|Any CPU.ActiveCfg = Release|Any CPU
		{8357966F-B6AD-43D1-8913-F114C2998145}.Release|Any CPU.Build.0 = Release|Any CPU
		{8357966F-B6AD-43D1-8913-F114C2998145}.Release|x64.ActiveCfg = Release|Any CPU
		{8357966F-B6AD-43D1-8913-F114C2998145}.Release|x64.Build.0 = Release|Any CPU
		{8357966F-B6AD-43D1-8913-F114C2998145}.Release|x86.ActiveCfg = Release|Any CPU
		{8357966F-B6AD-43D1-8913-F114C2998145}.Release|x86.Build.0 = Release|Any CPU
		{CC1F086F-4848-4026-B17C-AE61FCB401EC}.Debug|Any CPU.ActiveCfg = Debug|Any CPU
		{CC1F086F-4848-4026-B17C-AE61FCB401EC}.Debug|Any CPU.Build.0 = Debug|Any CPU
		{CC1F086F-4848-4026-B17C-AE61FCB401EC}.Debug|x64.ActiveCfg = Debug|Any CPU
		{CC1F086F-4848-4026-B17C-AE61FCB401EC}.Debug|x64.Build.0 = Debug|Any CPU
		{CC1F086F-4848-4026-B17C-AE61FCB401EC}.Debug|x86.ActiveCfg = Debug|Any CPU
		{CC1F086F-4848-4026-B17C-AE61FCB401EC}.Debug|x86.Build.0 = Debug|Any CPU
		{CC1F086F-4848-4026-B17C-AE61FCB401EC}.Release|Any CPU.ActiveCfg = Release|Any CPU
		{CC1F086F-4848-4026-B17C-AE61FCB401EC}.Release|Any CPU.Build.0 = Release|Any CPU
		{CC1F086F-4848-4026-B17C-AE61FCB401EC}.Release|x64.ActiveCfg = Release|Any CPU
		{CC1F086F-4848-4026-B17C-AE61FCB401EC}.Release|x64.Build.0 = Release|Any CPU
		{CC1F086F-4848-4026-B17C-AE61FCB401EC}.Release|x86.ActiveCfg = Release|Any CPU
		{CC1F086F-4848-4026-B17C-AE61FCB401EC}.Release|x86.Build.0 = Release|Any CPU
		{2EACDDA2-A97E-492F-8A1F-9F694AFE8B37}.Debug|Any CPU.ActiveCfg = Debug|Any CPU
		{2EACDDA2-A97E-492F-8A1F-9F694AFE8B37}.Debug|Any CPU.Build.0 = Debug|Any CPU
		{2EACDDA2-A97E-492F-8A1F-9F694AFE8B37}.Debug|x64.ActiveCfg = Debug|Any CPU
		{2EACDDA2-A97E-492F-8A1F-9F694AFE8B37}.Debug|x64.Build.0 = Debug|Any CPU
		{2EACDDA2-A97E-492F-8A1F-9F694AFE8B37}.Debug|x86.ActiveCfg = Debug|Any CPU
		{2EACDDA2-A97E-492F-8A1F-9F694AFE8B37}.Debug|x86.Build.0 = Debug|Any CPU
		{2EACDDA2-A97E-492F-8A1F-9F694AFE8B37}.Release|Any CPU.ActiveCfg = Release|Any CPU
		{2EACDDA2-A97E-492F-8A1F-9F694AFE8B37}.Release|Any CPU.Build.0 = Release|Any CPU
		{2EACDDA2-A97E-492F-8A1F-9F694AFE8B37}.Release|x64.ActiveCfg = Release|Any CPU
		{2EACDDA2-A97E-492F-8A1F-9F694AFE8B37}.Release|x64.Build.0 = Release|Any CPU
		{2EACDDA2-A97E-492F-8A1F-9F694AFE8B37}.Release|x86.ActiveCfg = Release|Any CPU
		{2EACDDA2-A97E-492F-8A1F-9F694AFE8B37}.Release|x86.Build.0 = Release|Any CPU
		{4C080956-E883-45A7-AF4C-350F338D5B0D}.Debug|Any CPU.ActiveCfg = Debug|Any CPU
		{4C080956-E883-45A7-AF4C-350F338D5B0D}.Debug|Any CPU.Build.0 = Debug|Any CPU
		{4C080956-E883-45A7-AF4C-350F338D5B0D}.Debug|x64.ActiveCfg = Debug|Any CPU
		{4C080956-E883-45A7-AF4C-350F338D5B0D}.Debug|x64.Build.0 = Debug|Any CPU
		{4C080956-E883-45A7-AF4C-350F338D5B0D}.Debug|x86.ActiveCfg = Debug|Any CPU
		{4C080956-E883-45A7-AF4C-350F338D5B0D}.Debug|x86.Build.0 = Debug|Any CPU
		{4C080956-E883-45A7-AF4C-350F338D5B0D}.Release|Any CPU.ActiveCfg = Release|Any CPU
		{4C080956-E883-45A7-AF4C-350F338D5B0D}.Release|Any CPU.Build.0 = Release|Any CPU
		{4C080956-E883-45A7-AF4C-350F338D5B0D}.Release|x64.ActiveCfg = Release|Any CPU
		{4C080956-E883-45A7-AF4C-350F338D5B0D}.Release|x64.Build.0 = Release|Any CPU
		{4C080956-E883-45A7-AF4C-350F338D5B0D}.Release|x86.ActiveCfg = Release|Any CPU
		{4C080956-E883-45A7-AF4C-350F338D5B0D}.Release|x86.Build.0 = Release|Any CPU
	EndGlobalSection
	GlobalSection(SolutionProperties) = preSolution
		HideSolutionNode = FALSE
	EndGlobalSection
	GlobalSection(NestedProjects) = preSolution
		{979EF50F-C06F-468C-AA0E-F68493044EEF} = {E88F0D3C-E3DA-475A-B0DA-AF0E9A489E0C}
	EndGlobalSection
	GlobalSection(ExtensibilityGlobals) = postSolution
		SolutionGuid = {9910133E-0B88-4372-9E4D-EE4E4F05C00C}
	EndGlobalSection
EndGlobal
